
Microsoft Visual Studio Solution File, Format Version 12.00
# Visual Studio Version 17
VisualStudioVersion = 17.5.002.0
MinimumVisualStudioVersion = 10.0.40219.1
Project("{9A19103F-16F7-4668-BE54-9A1E7A4F7556}") = "Boggle", "Boggle.csproj", "{8B0B4A82-5FE4-48CE-B388-DF2246E3317B}"
EndProject
Global
	GlobalSection(SolutionConfigurationPlatforms) = preSolution
		Debug|Any CPU = Debug|Any CPU
		Release|Any CPU = Release|Any CPU
	EndGlobalSection
	GlobalSection(ProjectConfigurationPlatforms) = postSolution
		{8B0B4A82-5FE4-48CE-B388-DF2246E3317B}.Debug|Any CPU.ActiveCfg = Debug|Any CPU
		{8B0B4A82-5FE4-48CE-B388-DF2246E3317B}.Debug|Any CPU.Build.0 = Debug|Any CPU
		{8B0B4A82-5FE4-48CE-B388-DF2246E3317B}.Release|Any CPU.ActiveCfg = Release|Any CPU
		{8B0B4A82-5FE4-48CE-B388-DF2246E3317B}.Release|Any CPU.Build.0 = Release|Any CPU
	EndGlobalSection
	GlobalSection(SolutionProperties) = preSolution
		HideSolutionNode = FALSE
	EndGlobalSection
	GlobalSection(ExtensibilityGlobals) = postSolution
		SolutionGuid = {98465D19-0AEF-4E72-9687-CFE411957057}
	EndGlobalSection
EndGlobal
